
Microsoft Visual Studio Solution File, Format Version 11.00
# Visual Studio 2010
Project("{FAE04EC0-301F-11D3-BF4B-00C04F79EFBC}") = "tic tac toe", "tic tac toe\tic tac toe.csproj", "{52C2B751-AE7B-4133-A9E0-DE2B8E46B55A}"
EndProject
Global
	GlobalSection(SolutionConfigurationPlatforms) = preSolution
		Debug|x86 = Debug|x86
		Release|x86 = Release|x86
	EndGlobalSection
	GlobalSection(ProjectConfigurationPlatforms) = postSolution
		{52C2B751-AE7B-4133-A9E0-DE2B8E46B55A}.Debug|x86.ActiveCfg = Debug|x86
		{52C2B751-AE7B-4133-A9E0-DE2B8E46B55A}.Debug|x86.Build.0 = Debug|x86
		{52C2B751-AE7B-4133-A9E0-DE2B8E46B55A}.Release|x86.ActiveCfg = Release|x86
		{52C2B751-AE7B-4133-A9E0-DE2B8E46B55A}.Release|x86.Build.0 = Release|x86
	EndGlobalSection
	GlobalSection(SolutionProperties) = preSolution
		HideSolutionNode = FALSE
	EndGlobalSection
EndGlobal
